// !$*UTF8*$!
{
	archiveVersion = 1;
	classes = {
	};
	objectVersion = 50;
	objects = {

/* Begin PBXBuildFile section */
		180A32422118B17700C1D397 /* Home.storyboard in Resources */ = {isa = PBXBuildFile; fileRef = 180A32412118B17700C1D397 /* Home.storyboard */; };
		180A32462118B8D600C1D397 /* MenuVC.swift in Sources */ = {isa = PBXBuildFile; fileRef = 180A32452118B8D600C1D397 /* MenuVC.swift */; };
		180A32482118BB3600C1D397 /* HomeVC.swift in Sources */ = {isa = PBXBuildFile; fileRef = 180A32472118BB3600C1D397 /* HomeVC.swift */; };
		180A324B2118BCF300C1D397 /* ModelManager.swift in Sources */ = {isa = PBXBuildFile; fileRef = 180A324A2118BCF300C1D397 /* ModelManager.swift */; };
		180A324D2118BD8100C1D397 /* Constants.swift in Sources */ = {isa = PBXBuildFile; fileRef = 180A324C2118BD8100C1D397 /* Constants.swift */; };
		1A64AC2221159B0900CDA504 /* GetStartedVC.swift in Sources */ = {isa = PBXBuildFile; fileRef = 1A64AC2121159B0900CDA504 /* GetStartedVC.swift */; };
		1A64AC2421159B4600CDA504 /* CreateProfileVC.swift in Sources */ = {isa = PBXBuildFile; fileRef = 1A64AC2321159B4600CDA504 /* CreateProfileVC.swift */; };
		1A64AC262115A42100CDA504 /* ProfileVC.swift in Sources */ = {isa = PBXBuildFile; fileRef = 1A64AC252115A42100CDA504 /* ProfileVC.swift */; };
		1AD8ACE02118119900D138CC /* Rubik-MediumItalic.ttf in Resources */ = {isa = PBXBuildFile; fileRef = 1AD8ACCB2118119900D138CC /* Rubik-MediumItalic.ttf */; };
		1AD8ACE12118119900D138CC /* Rubik-Bold.ttf in Resources */ = {isa = PBXBuildFile; fileRef = 1AD8ACCC2118119900D138CC /* Rubik-Bold.ttf */; };
		1AD8ACE22118119900D138CC /* Rubik-Light.ttf in Resources */ = {isa = PBXBuildFile; fileRef = 1AD8ACCD2118119900D138CC /* Rubik-Light.ttf */; };
		1AD8ACE32118119900D138CC /* Rubik-Medium.ttf in Resources */ = {isa = PBXBuildFile; fileRef = 1AD8ACCE2118119900D138CC /* Rubik-Medium.ttf */; };
		1AD8ACE42118119900D138CC /* Rubik-Black.ttf in Resources */ = {isa = PBXBuildFile; fileRef = 1AD8ACCF2118119900D138CC /* Rubik-Black.ttf */; };
		1AD8ACE52118119900D138CC /* Rubik-Italic.ttf in Resources */ = {isa = PBXBuildFile; fileRef = 1AD8ACD02118119900D138CC /* Rubik-Italic.ttf */; };
		1AD8ACE62118119900D138CC /* Rubik-LightItalic.ttf in Resources */ = {isa = PBXBuildFile; fileRef = 1AD8ACD12118119900D138CC /* Rubik-LightItalic.ttf */; };
		1AD8ACE72118119900D138CC /* Rubik-BlackItalic.ttf in Resources */ = {isa = PBXBuildFile; fileRef = 1AD8ACD22118119900D138CC /* Rubik-BlackItalic.ttf */; };
		1AD8ACE82118119900D138CC /* Rubik-Regular.ttf in Resources */ = {isa = PBXBuildFile; fileRef = 1AD8ACD32118119900D138CC /* Rubik-Regular.ttf */; };
		1AD8ACE92118119900D138CC /* Rubik-BoldItalic.ttf in Resources */ = {isa = PBXBuildFile; fileRef = 1AD8ACD42118119900D138CC /* Rubik-BoldItalic.ttf */; };
		1AD8ACEA2118119900D138CC /* OpenSans-SemiBold.ttf in Resources */ = {isa = PBXBuildFile; fileRef = 1AD8ACD62118119900D138CC /* OpenSans-SemiBold.ttf */; };
		1AD8ACEB2118119900D138CC /* OpenSans-Light.ttf in Resources */ = {isa = PBXBuildFile; fileRef = 1AD8ACD72118119900D138CC /* OpenSans-Light.ttf */; };
		1AD8ACEC2118119900D138CC /* OpenSans-Italic.ttf in Resources */ = {isa = PBXBuildFile; fileRef = 1AD8ACD82118119900D138CC /* OpenSans-Italic.ttf */; };
		1AD8ACED2118119900D138CC /* OpenSans-ExtraBold.ttf in Resources */ = {isa = PBXBuildFile; fileRef = 1AD8ACD92118119900D138CC /* OpenSans-ExtraBold.ttf */; };
		1AD8ACEE2118119900D138CC /* OpenSans-LightItalic.ttf in Resources */ = {isa = PBXBuildFile; fileRef = 1AD8ACDA2118119900D138CC /* OpenSans-LightItalic.ttf */; };
		1AD8ACEF2118119900D138CC /* OpenSans-Bold.ttf in Resources */ = {isa = PBXBuildFile; fileRef = 1AD8ACDB2118119900D138CC /* OpenSans-Bold.ttf */; };
		1AD8ACF02118119900D138CC /* OpenSans-SemiBoldItalic.ttf in Resources */ = {isa = PBXBuildFile; fileRef = 1AD8ACDC2118119900D138CC /* OpenSans-SemiBoldItalic.ttf */; };
		1AD8ACF12118119900D138CC /* OpenSans-ExtraBoldItalic.ttf in Resources */ = {isa = PBXBuildFile; fileRef = 1AD8ACDD2118119900D138CC /* OpenSans-ExtraBoldItalic.ttf */; };
		1AD8ACF22118119900D138CC /* OpenSans-Regular.ttf in Resources */ = {isa = PBXBuildFile; fileRef = 1AD8ACDE2118119900D138CC /* OpenSans-Regular.ttf */; };
		1AD8ACF32118119900D138CC /* OpenSans-BoldItalic.ttf in Resources */ = {isa = PBXBuildFile; fileRef = 1AD8ACDF2118119900D138CC /* OpenSans-BoldItalic.ttf */; };
		1AD8ACF6211822E500D138CC /* Dashboard.storyboard in Resources */ = {isa = PBXBuildFile; fileRef = 1AD8ACF4211822E500D138CC /* Dashboard.storyboard */; };
		1AD8AF4E211452320070D202 /* AppDelegate.swift in Sources */ = {isa = PBXBuildFile; fileRef = 1AD8AF4D211452320070D202 /* AppDelegate.swift */; };
		1AD8AF50211452320070D202 /* ViewController.swift in Sources */ = {isa = PBXBuildFile; fileRef = 1AD8AF4F211452320070D202 /* ViewController.swift */; };
		1AD8AF53211452320070D202 /* Main.storyboard in Resources */ = {isa = PBXBuildFile; fileRef = 1AD8AF51211452320070D202 /* Main.storyboard */; };
		1AD8AF56211452320070D202 /* EV_Roadtrip.xcdatamodeld in Sources */ = {isa = PBXBuildFile; fileRef = 1AD8AF54211452320070D202 /* EV_Roadtrip.xcdatamodeld */; };
		1AD8AF58211452340070D202 /* Assets.xcassets in Resources */ = {isa = PBXBuildFile; fileRef = 1AD8AF57211452340070D202 /* Assets.xcassets */; };
		1AD8AF5B211452340070D202 /* LaunchScreen.storyboard in Resources */ = {isa = PBXBuildFile; fileRef = 1AD8AF59211452340070D202 /* LaunchScreen.storyboard */; };
		1AD8AF66211459080070D202 /* Karla-Regular.ttf in Resources */ = {isa = PBXBuildFile; fileRef = 1AD8AF62211459070070D202 /* Karla-Regular.ttf */; };
		1AD8AF67211459080070D202 /* Karla-Italic.ttf in Resources */ = {isa = PBXBuildFile; fileRef = 1AD8AF63211459080070D202 /* Karla-Italic.ttf */; };
		1AD8AF68211459080070D202 /* Karla-BoldItalic.ttf in Resources */ = {isa = PBXBuildFile; fileRef = 1AD8AF64211459080070D202 /* Karla-BoldItalic.ttf */; };
		1AD8AF69211459080070D202 /* Karla-Bold.ttf in Resources */ = {isa = PBXBuildFile; fileRef = 1AD8AF65211459080070D202 /* Karla-Bold.ttf */; };
		41629DCBF51585C7A96AF69D /* Pods_EV_Roadtrip.framework in Frameworks */ = {isa = PBXBuildFile; fileRef = EE0032F65C12B56E85A45FD5 /* Pods_EV_Roadtrip.framework */; };
/* End PBXBuildFile section */

/* Begin PBXFileReference section */
		180A32412118B17700C1D397 /* Home.storyboard */ = {isa = PBXFileReference; lastKnownFileType = file.storyboard; path = Home.storyboard; sourceTree = "<group>"; };
		180A32452118B8D600C1D397 /* MenuVC.swift */ = {isa = PBXFileReference; lastKnownFileType = sourcecode.swift; name = MenuVC.swift; path = "EV Roadtrip/ViewController/Menu/MenuVC.swift"; sourceTree = SOURCE_ROOT; };
		180A32472118BB3600C1D397 /* HomeVC.swift */ = {isa = PBXFileReference; lastKnownFileType = sourcecode.swift; path = HomeVC.swift; sourceTree = "<group>"; };
		180A324A2118BCF300C1D397 /* ModelManager.swift */ = {isa = PBXFileReference; fileEncoding = 4; lastKnownFileType = sourcecode.swift; path = ModelManager.swift; sourceTree = "<group>"; };
		180A324C2118BD8100C1D397 /* Constants.swift */ = {isa = PBXFileReference; lastKnownFileType = sourcecode.swift; path = Constants.swift; sourceTree = "<group>"; };
		1A64AC2121159B0900CDA504 /* GetStartedVC.swift */ = {isa = PBXFileReference; lastKnownFileType = sourcecode.swift; path = GetStartedVC.swift; sourceTree = "<group>"; };
		1A64AC2321159B4600CDA504 /* CreateProfileVC.swift */ = {isa = PBXFileReference; lastKnownFileType = sourcecode.swift; path = CreateProfileVC.swift; sourceTree = "<group>"; };
		1A64AC252115A42100CDA504 /* ProfileVC.swift */ = {isa = PBXFileReference; lastKnownFileType = sourcecode.swift; path = ProfileVC.swift; sourceTree = "<group>"; };
		1AD8ACCB2118119900D138CC /* Rubik-MediumItalic.ttf */ = {isa = PBXFileReference; lastKnownFileType = file; path = "Rubik-MediumItalic.ttf"; sourceTree = "<group>"; };
		1AD8ACCC2118119900D138CC /* Rubik-Bold.ttf */ = {isa = PBXFileReference; lastKnownFileType = file; path = "Rubik-Bold.ttf"; sourceTree = "<group>"; };
		1AD8ACCD2118119900D138CC /* Rubik-Light.ttf */ = {isa = PBXFileReference; lastKnownFileType = file; path = "Rubik-Light.ttf"; sourceTree = "<group>"; };
		1AD8ACCE2118119900D138CC /* Rubik-Medium.ttf */ = {isa = PBXFileReference; lastKnownFileType = file; path = "Rubik-Medium.ttf"; sourceTree = "<group>"; };
		1AD8ACCF2118119900D138CC /* Rubik-Black.ttf */ = {isa = PBXFileReference; lastKnownFileType = file; path = "Rubik-Black.ttf"; sourceTree = "<group>"; };
		1AD8ACD02118119900D138CC /* Rubik-Italic.ttf */ = {isa = PBXFileReference; lastKnownFileType = file; path = "Rubik-Italic.ttf"; sourceTree = "<group>"; };
		1AD8ACD12118119900D138CC /* Rubik-LightItalic.ttf */ = {isa = PBXFileReference; lastKnownFileType = file; path = "Rubik-LightItalic.ttf"; sourceTree = "<group>"; };
		1AD8ACD22118119900D138CC /* Rubik-BlackItalic.ttf */ = {isa = PBXFileReference; lastKnownFileType = file; path = "Rubik-BlackItalic.ttf"; sourceTree = "<group>"; };
		1AD8ACD32118119900D138CC /* Rubik-Regular.ttf */ = {isa = PBXFileReference; lastKnownFileType = file; path = "Rubik-Regular.ttf"; sourceTree = "<group>"; };
		1AD8ACD42118119900D138CC /* Rubik-BoldItalic.ttf */ = {isa = PBXFileReference; lastKnownFileType = file; path = "Rubik-BoldItalic.ttf"; sourceTree = "<group>"; };
		1AD8ACD62118119900D138CC /* OpenSans-SemiBold.ttf */ = {isa = PBXFileReference; lastKnownFileType = file; path = "OpenSans-SemiBold.ttf"; sourceTree = "<group>"; };
		1AD8ACD72118119900D138CC /* OpenSans-Light.ttf */ = {isa = PBXFileReference; lastKnownFileType = file; path = "OpenSans-Light.ttf"; sourceTree = "<group>"; };
		1AD8ACD82118119900D138CC /* OpenSans-Italic.ttf */ = {isa = PBXFileReference; lastKnownFileType = file; path = "OpenSans-Italic.ttf"; sourceTree = "<group>"; };
		1AD8ACD92118119900D138CC /* OpenSans-ExtraBold.ttf */ = {isa = PBXFileReference; lastKnownFileType = file; path = "OpenSans-ExtraBold.ttf"; sourceTree = "<group>"; };
		1AD8ACDA2118119900D138CC /* OpenSans-LightItalic.ttf */ = {isa = PBXFileReference; lastKnownFileType = file; path = "OpenSans-LightItalic.ttf"; sourceTree = "<group>"; };
		1AD8ACDB2118119900D138CC /* OpenSans-Bold.ttf */ = {isa = PBXFileReference; lastKnownFileType = file; path = "OpenSans-Bold.ttf"; sourceTree = "<group>"; };
		1AD8ACDC2118119900D138CC /* OpenSans-SemiBoldItalic.ttf */ = {isa = PBXFileReference; lastKnownFileType = file; path = "OpenSans-SemiBoldItalic.ttf"; sourceTree = "<group>"; };
		1AD8ACDD2118119900D138CC /* OpenSans-ExtraBoldItalic.ttf */ = {isa = PBXFileReference; lastKnownFileType = file; path = "OpenSans-ExtraBoldItalic.ttf"; sourceTree = "<group>"; };
		1AD8ACDE2118119900D138CC /* OpenSans-Regular.ttf */ = {isa = PBXFileReference; lastKnownFileType = file; path = "OpenSans-Regular.ttf"; sourceTree = "<group>"; };
		1AD8ACDF2118119900D138CC /* OpenSans-BoldItalic.ttf */ = {isa = PBXFileReference; lastKnownFileType = file; path = "OpenSans-BoldItalic.ttf"; sourceTree = "<group>"; };
		1AD8ACF5211822E500D138CC /* Base */ = {isa = PBXFileReference; lastKnownFileType = file.storyboard; name = Base; path = Base.lproj/Dashboard.storyboard; sourceTree = "<group>"; };
		1AD8AF4A211452320070D202 /* EV Roadtrip.app */ = {isa = PBXFileReference; explicitFileType = wrapper.application; includeInIndex = 0; path = "EV Roadtrip.app"; sourceTree = BUILT_PRODUCTS_DIR; };
		1AD8AF4D211452320070D202 /* AppDelegate.swift */ = {isa = PBXFileReference; lastKnownFileType = sourcecode.swift; path = AppDelegate.swift; sourceTree = "<group>"; };
		1AD8AF4F211452320070D202 /* ViewController.swift */ = {isa = PBXFileReference; lastKnownFileType = sourcecode.swift; path = ViewController.swift; sourceTree = "<group>"; };
		1AD8AF52211452320070D202 /* Base */ = {isa = PBXFileReference; lastKnownFileType = file.storyboard; name = Base; path = Base.lproj/Main.storyboard; sourceTree = "<group>"; };
		1AD8AF55211452320070D202 /* EV_Roadtrip.xcdatamodel */ = {isa = PBXFileReference; lastKnownFileType = wrapper.xcdatamodel; path = EV_Roadtrip.xcdatamodel; sourceTree = "<group>"; };
		1AD8AF57211452340070D202 /* Assets.xcassets */ = {isa = PBXFileReference; lastKnownFileType = folder.assetcatalog; path = Assets.xcassets; sourceTree = "<group>"; };
		1AD8AF5A211452340070D202 /* Base */ = {isa = PBXFileReference; lastKnownFileType = file.storyboard; name = Base; path = Base.lproj/LaunchScreen.storyboard; sourceTree = "<group>"; };
		1AD8AF5C211452340070D202 /* Info.plist */ = {isa = PBXFileReference; lastKnownFileType = text.plist.xml; path = Info.plist; sourceTree = "<group>"; };
		1AD8AF62211459070070D202 /* Karla-Regular.ttf */ = {isa = PBXFileReference; lastKnownFileType = file; path = "Karla-Regular.ttf"; sourceTree = "<group>"; };
		1AD8AF63211459080070D202 /* Karla-Italic.ttf */ = {isa = PBXFileReference; lastKnownFileType = file; path = "Karla-Italic.ttf"; sourceTree = "<group>"; };
		1AD8AF64211459080070D202 /* Karla-BoldItalic.ttf */ = {isa = PBXFileReference; lastKnownFileType = file; path = "Karla-BoldItalic.ttf"; sourceTree = "<group>"; };
		1AD8AF65211459080070D202 /* Karla-Bold.ttf */ = {isa = PBXFileReference; lastKnownFileType = file; path = "Karla-Bold.ttf"; sourceTree = "<group>"; };
		35A5693C93A3CE6D110D0385 /* Pods-EV Roadtrip.release.xcconfig */ = {isa = PBXFileReference; includeInIndex = 1; lastKnownFileType = text.xcconfig; name = "Pods-EV Roadtrip.release.xcconfig"; path = "Pods/Target Support Files/Pods-EV Roadtrip/Pods-EV Roadtrip.release.xcconfig"; sourceTree = "<group>"; };
		EE0032F65C12B56E85A45FD5 /* Pods_EV_Roadtrip.framework */ = {isa = PBXFileReference; explicitFileType = wrapper.framework; includeInIndex = 0; path = Pods_EV_Roadtrip.framework; sourceTree = BUILT_PRODUCTS_DIR; };
		F562879E0F702AAB8A02FED4 /* Pods-EV Roadtrip.debug.xcconfig */ = {isa = PBXFileReference; includeInIndex = 1; lastKnownFileType = text.xcconfig; name = "Pods-EV Roadtrip.debug.xcconfig"; path = "Pods/Target Support Files/Pods-EV Roadtrip/Pods-EV Roadtrip.debug.xcconfig"; sourceTree = "<group>"; };
/* End PBXFileReference section */

/* Begin PBXFrameworksBuildPhase section */
		1AD8AF47211452320070D202 /* Frameworks */ = {
			isa = PBXFrameworksBuildPhase;
			buildActionMask = 2147483647;
			files = (
				41629DCBF51585C7A96AF69D /* Pods_EV_Roadtrip.framework in Frameworks */,
			);
			runOnlyForDeploymentPostprocessing = 0;
		};
/* End PBXFrameworksBuildPhase section */

/* Begin PBXGroup section */
		11D740EA6E0890F91F95C728 /* Frameworks */ = {
			isa = PBXGroup;
			children = (
				EE0032F65C12B56E85A45FD5 /* Pods_EV_Roadtrip.framework */,
			);
			name = Frameworks;
			sourceTree = "<group>";
		};
		16E6F663DCDC46D4861F7BCE /* Pods */ = {
			isa = PBXGroup;
			children = (
				F562879E0F702AAB8A02FED4 /* Pods-EV Roadtrip.debug.xcconfig */,
				35A5693C93A3CE6D110D0385 /* Pods-EV Roadtrip.release.xcconfig */,
			);
			name = Pods;
			sourceTree = "<group>";
		};
		180A323A2118AE7700C1D397 /* Resouce */ = {
			isa = PBXGroup;
			children = (
				1AD8AF6A2114590F0070D202 /* fonts */,
			);
			path = Resouce;
			sourceTree = "<group>";
		};
		180A323B2118AE8800C1D397 /* ViewController */ = {
			isa = PBXGroup;
			children = (
				180A324F2118BEA900C1D397 /* Menu */,
				180A32402118B15E00C1D397 /* Home */,
				180A323F2118B06A00C1D397 /* GetStarted */,
				180A323E2118B05900C1D397 /* Profile */,
			);
			path = ViewController;
			sourceTree = "<group>";
		};
		180A323C2118AEAD00C1D397 /* AppDelegate */ = {
			isa = PBXGroup;
			children = (
				1AD8AF4D211452320070D202 /* AppDelegate.swift */,
			);
			path = AppDelegate;
			sourceTree = "<group>";
		};
		180A323D2118AEC100C1D397 /* Storyboard */ = {
			isa = PBXGroup;
			children = (
				1AD8AF51211452320070D202 /* Main.storyboard */,
				1AD8ACF4211822E500D138CC /* Dashboard.storyboard */,
				180A32412118B17700C1D397 /* Home.storyboard */,
			);
			path = Storyboard;
			sourceTree = "<group>";
		};
		180A323E2118B05900C1D397 /* Profile */ = {
			isa = PBXGroup;
			children = (
				1A64AC2321159B4600CDA504 /* CreateProfileVC.swift */,
				1A64AC252115A42100CDA504 /* ProfileVC.swift */,
			);
			path = Profile;
			sourceTree = "<group>";
		};
		180A323F2118B06A00C1D397 /* GetStarted */ = {
			isa = PBXGroup;
			children = (
				1AD8AF4F211452320070D202 /* ViewController.swift */,
				1A64AC2121159B0900CDA504 /* GetStartedVC.swift */,
			);
			path = GetStarted;
			sourceTree = "<group>";
		};
		180A32402118B15E00C1D397 /* Home */ = {
			isa = PBXGroup;
			children = (
				180A32472118BB3600C1D397 /* HomeVC.swift */,
			);
			path = Home;
			sourceTree = "<group>";
		};
		180A32492118BCD700C1D397 /* Utility */ = {
			isa = PBXGroup;
			children = (
				180A324A2118BCF300C1D397 /* ModelManager.swift */,
				180A324C2118BD8100C1D397 /* Constants.swift */,
			);
			path = Utility;
			sourceTree = "<group>";
		};
		180A324F2118BEA900C1D397 /* Menu */ = {
			isa = PBXGroup;
			children = (
				180A32452118B8D600C1D397 /* MenuVC.swift */,
			);
			path = Menu;
			sourceTree = "<group>";
		};
		1AD8ACC92118118300D138CC /* Karla */ = {
			isa = PBXGroup;
			children = (
				1AD8AF65211459080070D202 /* Karla-Bold.ttf */,
				1AD8AF64211459080070D202 /* Karla-BoldItalic.ttf */,
				1AD8AF63211459080070D202 /* Karla-Italic.ttf */,
				1AD8AF62211459070070D202 /* Karla-Regular.ttf */,
			);
			path = Karla;
			sourceTree = "<group>";
		};
		1AD8ACCA2118119900D138CC /* Rubik */ = {
			isa = PBXGroup;
			children = (
				1AD8ACCB2118119900D138CC /* Rubik-MediumItalic.ttf */,
				1AD8ACCC2118119900D138CC /* Rubik-Bold.ttf */,
				1AD8ACCD2118119900D138CC /* Rubik-Light.ttf */,
				1AD8ACCE2118119900D138CC /* Rubik-Medium.ttf */,
				1AD8ACCF2118119900D138CC /* Rubik-Black.ttf */,
				1AD8ACD02118119900D138CC /* Rubik-Italic.ttf */,
				1AD8ACD12118119900D138CC /* Rubik-LightItalic.ttf */,
				1AD8ACD22118119900D138CC /* Rubik-BlackItalic.ttf */,
				1AD8ACD32118119900D138CC /* Rubik-Regular.ttf */,
				1AD8ACD42118119900D138CC /* Rubik-BoldItalic.ttf */,
			);
			path = Rubik;
			sourceTree = "<group>";
		};
		1AD8ACD52118119900D138CC /* Open_Sans */ = {
			isa = PBXGroup;
			children = (
				1AD8ACD62118119900D138CC /* OpenSans-SemiBold.ttf */,
				1AD8ACD72118119900D138CC /* OpenSans-Light.ttf */,
				1AD8ACD82118119900D138CC /* OpenSans-Italic.ttf */,
				1AD8ACD92118119900D138CC /* OpenSans-ExtraBold.ttf */,
				1AD8ACDA2118119900D138CC /* OpenSans-LightItalic.ttf */,
				1AD8ACDB2118119900D138CC /* OpenSans-Bold.ttf */,
				1AD8ACDC2118119900D138CC /* OpenSans-SemiBoldItalic.ttf */,
				1AD8ACDD2118119900D138CC /* OpenSans-ExtraBoldItalic.ttf */,
				1AD8ACDE2118119900D138CC /* OpenSans-Regular.ttf */,
				1AD8ACDF2118119900D138CC /* OpenSans-BoldItalic.ttf */,
			);
			path = Open_Sans;
			sourceTree = "<group>";
		};
		1AD8AF41211452320070D202 = {
			isa = PBXGroup;
			children = (
				1AD8AF4C211452320070D202 /* EV Roadtrip */,
				1AD8AF4B211452320070D202 /* Products */,
				16E6F663DCDC46D4861F7BCE /* Pods */,
				11D740EA6E0890F91F95C728 /* Frameworks */,
			);
			sourceTree = "<group>";
		};
		1AD8AF4B211452320070D202 /* Products */ = {
			isa = PBXGroup;
			children = (
				1AD8AF4A211452320070D202 /* EV Roadtrip.app */,
			);
			name = Products;
			sourceTree = "<group>";
		};
		1AD8AF4C211452320070D202 /* EV Roadtrip */ = {
			isa = PBXGroup;
			children = (
				180A32492118BCD700C1D397 /* Utility */,
				180A323A2118AE7700C1D397 /* Resouce */,
				180A323C2118AEAD00C1D397 /* AppDelegate */,
				180A323B2118AE8800C1D397 /* ViewController */,
				180A323D2118AEC100C1D397 /* Storyboard */,
				1AD8AF57211452340070D202 /* Assets.xcassets */,
				1AD8AF59211452340070D202 /* LaunchScreen.storyboard */,
				1AD8AF5C211452340070D202 /* Info.plist */,
				1AD8AF54211452320070D202 /* EV_Roadtrip.xcdatamodeld */,
			);
			path = "EV Roadtrip";
			sourceTree = "<group>";
		};
		1AD8AF6A2114590F0070D202 /* fonts */ = {
			isa = PBXGroup;
			children = (
				1AD8ACD52118119900D138CC /* Open_Sans */,
				1AD8ACCA2118119900D138CC /* Rubik */,
				1AD8ACC92118118300D138CC /* Karla */,
			);
			path = fonts;
			sourceTree = "<group>";
		};
/* End PBXGroup section */

/* Begin PBXNativeTarget section */
		1AD8AF49211452320070D202 /* EV Roadtrip */ = {
			isa = PBXNativeTarget;
			buildConfigurationList = 1AD8AF5F211452340070D202 /* Build configuration list for PBXNativeTarget "EV Roadtrip" */;
			buildPhases = (
				EC2A636D2C918188213F0E0D /* [CP] Check Pods Manifest.lock */,
				1AD8AF46211452320070D202 /* Sources */,
				1AD8AF47211452320070D202 /* Frameworks */,
				1AD8AF48211452320070D202 /* Resources */,
				7179DF7FE2981B79C500ACCE /* [CP] Embed Pods Frameworks */,
			);
			buildRules = (
			);
			dependencies = (
			);
			name = "EV Roadtrip";
			productName = "EV Roadtrip";
			productReference = 1AD8AF4A211452320070D202 /* EV Roadtrip.app */;
			productType = "com.apple.product-type.application";
		};
/* End PBXNativeTarget section */

/* Begin PBXProject section */
		1AD8AF42211452320070D202 /* Project object */ = {
			isa = PBXProject;
			attributes = {
				LastSwiftUpdateCheck = 0940;
				LastUpgradeCheck = 0940;
				ORGANIZATIONNAME = "Jayesh Mardiya";
				TargetAttributes = {
					1AD8AF49211452320070D202 = {
						CreatedOnToolsVersion = 9.4.1;
					};
				};
			};
			buildConfigurationList = 1AD8AF45211452320070D202 /* Build configuration list for PBXProject "EV Roadtrip" */;
			compatibilityVersion = "Xcode 9.3";
			developmentRegion = en;
			hasScannedForEncodings = 0;
			knownRegions = (
				en,
				Base,
			);
			mainGroup = 1AD8AF41211452320070D202;
			productRefGroup = 1AD8AF4B211452320070D202 /* Products */;
			projectDirPath = "";
			projectRoot = "";
			targets = (
				1AD8AF49211452320070D202 /* EV Roadtrip */,
			);
		};
/* End PBXProject section */

/* Begin PBXResourcesBuildPhase section */
		1AD8AF48211452320070D202 /* Resources */ = {
			isa = PBXResourcesBuildPhase;
			buildActionMask = 2147483647;
			files = (
				1AD8ACF02118119900D138CC /* OpenSans-SemiBoldItalic.ttf in Resources */,
				1AD8AF5B211452340070D202 /* LaunchScreen.storyboard in Resources */,
				1AD8ACE12118119900D138CC /* Rubik-Bold.ttf in Resources */,
				1AD8ACED2118119900D138CC /* OpenSans-ExtraBold.ttf in Resources */,
				1AD8AF58211452340070D202 /* Assets.xcassets in Resources */,
				1AD8ACEB2118119900D138CC /* OpenSans-Light.ttf in Resources */,
				1AD8ACF32118119900D138CC /* OpenSans-BoldItalic.ttf in Resources */,
				1AD8AF67211459080070D202 /* Karla-Italic.ttf in Resources */,
				1AD8ACE02118119900D138CC /* Rubik-MediumItalic.ttf in Resources */,
				1AD8ACE72118119900D138CC /* Rubik-BlackItalic.ttf in Resources */,
				1AD8AF69211459080070D202 /* Karla-Bold.ttf in Resources */,
				1AD8ACE42118119900D138CC /* Rubik-Black.ttf in Resources */,
				1AD8AF53211452320070D202 /* Main.storyboard in Resources */,
				1AD8ACE82118119900D138CC /* Rubik-Regular.ttf in Resources */,
				180A32422118B17700C1D397 /* Home.storyboard in Resources */,
				1AD8ACEA2118119900D138CC /* OpenSans-SemiBold.ttf in Resources */,
				1AD8ACE22118119900D138CC /* Rubik-Light.ttf in Resources */,
				1AD8ACEF2118119900D138CC /* OpenSans-Bold.ttf in Resources */,
				1AD8ACEC2118119900D138CC /* OpenSans-Italic.ttf in Resources */,
				1AD8ACF12118119900D138CC /* OpenSans-ExtraBoldItalic.ttf in Resources */,
				1AD8ACF6211822E500D138CC /* Dashboard.storyboard in Resources */,
				1AD8ACE62118119900D138CC /* Rubik-LightItalic.ttf in Resources */,
				1AD8ACEE2118119900D138CC /* OpenSans-LightItalic.ttf in Resources */,
				1AD8AF66211459080070D202 /* Karla-Regular.ttf in Resources */,
				1AD8ACE52118119900D138CC /* Rubik-Italic.ttf in Resources */,
				1AD8ACE32118119900D138CC /* Rubik-Medium.ttf in Resources */,
				1AD8AF68211459080070D202 /* Karla-BoldItalic.ttf in Resources */,
				1AD8ACF22118119900D138CC /* OpenSans-Regular.ttf in Resources */,
				1AD8ACE92118119900D138CC /* Rubik-BoldItalic.ttf in Resources */,
			);
			runOnlyForDeploymentPostprocessing = 0;
		};
/* End PBXResourcesBuildPhase section */

/* Begin PBXShellScriptBuildPhase section */
		7179DF7FE2981B79C500ACCE /* [CP] Embed Pods Frameworks */ = {
			isa = PBXShellScriptBuildPhase;
			buildActionMask = 2147483647;
			files = (
			);
			inputPaths = (
				"${SRCROOT}/Pods/Target Support Files/Pods-EV Roadtrip/Pods-EV Roadtrip-frameworks.sh",
				"${BUILT_PRODUCTS_DIR}/SlideMenuControllerSwift/SlideMenuControllerSwift.framework",
			);
			name = "[CP] Embed Pods Frameworks";
			outputPaths = (
				"${TARGET_BUILD_DIR}/${FRAMEWORKS_FOLDER_PATH}/SlideMenuControllerSwift.framework",
			);
			runOnlyForDeploymentPostprocessing = 0;
			shellPath = /bin/sh;
			shellScript = "\"${SRCROOT}/Pods/Target Support Files/Pods-EV Roadtrip/Pods-EV Roadtrip-frameworks.sh\"\n";
			showEnvVarsInLog = 0;
		};
		EC2A636D2C918188213F0E0D /* [CP] Check Pods Manifest.lock */ = {
			isa = PBXShellScriptBuildPhase;
			buildActionMask = 2147483647;
			files = (
			);
			inputPaths = (
				"${PODS_PODFILE_DIR_PATH}/Podfile.lock",
				"${PODS_ROOT}/Manifest.lock",
			);
			name = "[CP] Check Pods Manifest.lock";
			outputPaths = (
				"$(DERIVED_FILE_DIR)/Pods-EV Roadtrip-checkManifestLockResult.txt",
			);
			runOnlyForDeploymentPostprocessing = 0;
			shellPath = /bin/sh;
			shellScript = "diff \"${PODS_PODFILE_DIR_PATH}/Podfile.lock\" \"${PODS_ROOT}/Manifest.lock\" > /dev/null\nif [ $? != 0 ] ; then\n    # print error to STDERR\n    echo \"error: The sandbox is not in sync with the Podfile.lock. Run 'pod install' or update your CocoaPods installation.\" >&2\n    exit 1\nfi\n# This output is used by Xcode 'outputs' to avoid re-running this script phase.\necho \"SUCCESS\" > \"${SCRIPT_OUTPUT_FILE_0}\"\n";
			showEnvVarsInLog = 0;
		};
/* End PBXShellScriptBuildPhase section */

/* Begin PBXSourcesBuildPhase section */
		1AD8AF46211452320070D202 /* Sources */ = {
			isa = PBXSourcesBuildPhase;
			buildActionMask = 2147483647;
			files = (
				1A64AC262115A42100CDA504 /* ProfileVC.swift in Sources */,
				180A32482118BB3600C1D397 /* HomeVC.swift in Sources */,
				1A64AC2421159B4600CDA504 /* CreateProfileVC.swift in Sources */,
				1AD8AF56211452320070D202 /* EV_Roadtrip.xcdatamodeld in Sources */,
				180A32462118B8D600C1D397 /* MenuVC.swift in Sources */,
				180A324D2118BD8100C1D397 /* Constants.swift in Sources */,
				180A324B2118BCF300C1D397 /* ModelManager.swift in Sources */,
				1A64AC2221159B0900CDA504 /* GetStartedVC.swift in Sources */,
				1AD8AF50211452320070D202 /* ViewController.swift in Sources */,
				1AD8AF4E211452320070D202 /* AppDelegate.swift in Sources */,
			);
			runOnlyForDeploymentPostprocessing = 0;
		};
/* End PBXSourcesBuildPhase section */

/* Begin PBXVariantGroup section */
		1AD8ACF4211822E500D138CC /* Dashboard.storyboard */ = {
			isa = PBXVariantGroup;
			children = (
				1AD8ACF5211822E500D138CC /* Base */,
			);
			name = Dashboard.storyboard;
			sourceTree = "<group>";
		};
		1AD8AF51211452320070D202 /* Main.storyboard */ = {
			isa = PBXVariantGroup;
			children = (
				1AD8AF52211452320070D202 /* Base */,
			);
			name = Main.storyboard;
			sourceTree = "<group>";
		};
		1AD8AF59211452340070D202 /* LaunchScreen.storyboard */ = {
			isa = PBXVariantGroup;
			children = (
				1AD8AF5A211452340070D202 /* Base */,
			);
			name = LaunchScreen.storyboard;
			sourceTree = "<group>";
		};
/* End PBXVariantGroup section */

/* Begin XCBuildConfiguration section */
		1AD8AF5D211452340070D202 /* Debug */ = {
			isa = XCBuildConfiguration;
			buildSettings = {
				ALWAYS_SEARCH_USER_PATHS = NO;
				CLANG_ANALYZER_NONNULL = YES;
				CLANG_ANALYZER_NUMBER_OBJECT_CONVERSION = YES_AGGRESSIVE;
				CLANG_CXX_LANGUAGE_STANDARD = "gnu++14";
				CLANG_CXX_LIBRARY = "libc++";
				CLANG_ENABLE_MODULES = YES;
				CLANG_ENABLE_OBJC_ARC = YES;
				CLANG_ENABLE_OBJC_WEAK = YES;
				CLANG_WARN_BLOCK_CAPTURE_AUTORELEASING = YES;
				CLANG_WARN_BOOL_CONVERSION = YES;
				CLANG_WARN_COMMA = YES;
				CLANG_WARN_CONSTANT_CONVERSION = YES;
				CLANG_WARN_DEPRECATED_OBJC_IMPLEMENTATIONS = YES;
				CLANG_WARN_DIRECT_OBJC_ISA_USAGE = YES_ERROR;
				CLANG_WARN_DOCUMENTATION_COMMENTS = YES;
				CLANG_WARN_EMPTY_BODY = YES;
				CLANG_WARN_ENUM_CONVERSION = YES;
				CLANG_WARN_INFINITE_RECURSION = YES;
				CLANG_WARN_INT_CONVERSION = YES;
				CLANG_WARN_NON_LITERAL_NULL_CONVERSION = YES;
				CLANG_WARN_OBJC_IMPLICIT_RETAIN_SELF = YES;
				CLANG_WARN_OBJC_LITERAL_CONVERSION = YES;
				CLANG_WARN_OBJC_ROOT_CLASS = YES_ERROR;
				CLANG_WARN_RANGE_LOOP_ANALYSIS = YES;
				CLANG_WARN_STRICT_PROTOTYPES = YES;
				CLANG_WARN_SUSPICIOUS_MOVE = YES;
				CLANG_WARN_UNGUARDED_AVAILABILITY = YES_AGGRESSIVE;
				CLANG_WARN_UNREACHABLE_CODE = YES;
				CLANG_WARN__DUPLICATE_METHOD_MATCH = YES;
				CODE_SIGN_IDENTITY = "iPhone Developer";
				COPY_PHASE_STRIP = NO;
				DEBUG_INFORMATION_FORMAT = dwarf;
				ENABLE_STRICT_OBJC_MSGSEND = YES;
				ENABLE_TESTABILITY = YES;
				GCC_C_LANGUAGE_STANDARD = gnu11;
				GCC_DYNAMIC_NO_PIC = NO;
				GCC_NO_COMMON_BLOCKS = YES;
				GCC_OPTIMIZATION_LEVEL = 0;
				GCC_PREPROCESSOR_DEFINITIONS = (
					"DEBUG=1",
					"$(inherited)",
				);
				GCC_WARN_64_TO_32_BIT_CONVERSION = YES;
				GCC_WARN_ABOUT_RETURN_TYPE = YES_ERROR;
				GCC_WARN_UNDECLARED_SELECTOR = YES;
				GCC_WARN_UNINITIALIZED_AUTOS = YES_AGGRESSIVE;
				GCC_WARN_UNUSED_FUNCTION = YES;
				GCC_WARN_UNUSED_VARIABLE = YES;
				IPHONEOS_DEPLOYMENT_TARGET = 11.4;
				MTL_ENABLE_DEBUG_INFO = YES;
				ONLY_ACTIVE_ARCH = YES;
				SDKROOT = iphoneos;
				SWIFT_ACTIVE_COMPILATION_CONDITIONS = DEBUG;
				SWIFT_OPTIMIZATION_LEVEL = "-Onone";
			};
			name = Debug;
		};
		1AD8AF5E211452340070D202 /* Release */ = {
			isa = XCBuildConfiguration;
			buildSettings = {
				ALWAYS_SEARCH_USER_PATHS = NO;
				CLANG_ANALYZER_NONNULL = YES;
				CLANG_ANALYZER_NUMBER_OBJECT_CONVERSION = YES_AGGRESSIVE;
				CLANG_CXX_LANGUAGE_STANDARD = "gnu++14";
				CLANG_CXX_LIBRARY = "libc++";
				CLANG_ENABLE_MODULES = YES;
				CLANG_ENABLE_OBJC_ARC = YES;
				CLANG_ENABLE_OBJC_WEAK = YES;
				CLANG_WARN_BLOCK_CAPTURE_AUTORELEASING = YES;
				CLANG_WARN_BOOL_CONVERSION = YES;
				CLANG_WARN_COMMA = YES;
				CLANG_WARN_CONSTANT_CONVERSION = YES;
				CLANG_WARN_DEPRECATED_OBJC_IMPLEMENTATIONS = YES;
				CLANG_WARN_DIRECT_OBJC_ISA_USAGE = YES_ERROR;
				CLANG_WARN_DOCUMENTATION_COMMENTS = YES;
				CLANG_WARN_EMPTY_BODY = YES;
				CLANG_WARN_ENUM_CONVERSION = YES;
				CLANG_WARN_INFINITE_RECURSION = YES;
				CLANG_WARN_INT_CONVERSION = YES;
				CLANG_WARN_NON_LITERAL_NULL_CONVERSION = YES;
				CLANG_WARN_OBJC_IMPLICIT_RETAIN_SELF = YES;
				CLANG_WARN_OBJC_LITERAL_CONVERSION = YES;
				CLANG_WARN_OBJC_ROOT_CLASS = YES_ERROR;
				CLANG_WARN_RANGE_LOOP_ANALYSIS = YES;
				CLANG_WARN_STRICT_PROTOTYPES = YES;
				CLANG_WARN_SUSPICIOUS_MOVE = YES;
				CLANG_WARN_UNGUARDED_AVAILABILITY = YES_AGGRESSIVE;
				CLANG_WARN_UNREACHABLE_CODE = YES;
				CLANG_WARN__DUPLICATE_METHOD_MATCH = YES;
				CODE_SIGN_IDENTITY = "iPhone Developer";
				COPY_PHASE_STRIP = NO;
				DEBUG_INFORMATION_FORMAT = "dwarf-with-dsym";
				ENABLE_NS_ASSERTIONS = NO;
				ENABLE_STRICT_OBJC_MSGSEND = YES;
				GCC_C_LANGUAGE_STANDARD = gnu11;
				GCC_NO_COMMON_BLOCKS = YES;
				GCC_WARN_64_TO_32_BIT_CONVERSION = YES;
				GCC_WARN_ABOUT_RETURN_TYPE = YES_ERROR;
				GCC_WARN_UNDECLARED_SELECTOR = YES;
				GCC_WARN_UNINITIALIZED_AUTOS = YES_AGGRESSIVE;
				GCC_WARN_UNUSED_FUNCTION = YES;
				GCC_WARN_UNUSED_VARIABLE = YES;
				IPHONEOS_DEPLOYMENT_TARGET = 11.4;
				MTL_ENABLE_DEBUG_INFO = NO;
				SDKROOT = iphoneos;
				SWIFT_COMPILATION_MODE = wholemodule;
				SWIFT_OPTIMIZATION_LEVEL = "-O";
				VALIDATE_PRODUCT = YES;
			};
			name = Release;
		};
		1AD8AF60211452340070D202 /* Debug */ = {
			isa = XCBuildConfiguration;
			baseConfigurationReference = F562879E0F702AAB8A02FED4 /* Pods-EV Roadtrip.debug.xcconfig */;
			buildSettings = {
				ASSETCATALOG_COMPILER_APPICON_NAME = AppIcon;
				CODE_SIGN_STYLE = Manual;
				DEVELOPMENT_TEAM = 2B8F2B34F9;
				INFOPLIST_FILE = "EV Roadtrip/Info.plist";
				LD_RUNPATH_SEARCH_PATHS = (
					"$(inherited)",
					"@executable_path/Frameworks",
				);
				PRODUCT_BUNDLE_IDENTIFIER = "com.EV-Roadtrip";
				PRODUCT_NAME = "$(TARGET_NAME)";
				PROVISIONING_PROFILE = "6695e730-8a70-4d1a-9302-317d601d3d36";
				PROVISIONING_PROFILE_SPECIFIER = 36Five_WildCard;
				SWIFT_VERSION = 4.0;
				TARGETED_DEVICE_FAMILY = "1,2";
			};
			name = Debug;
		};
		1AD8AF61211452340070D202 /* Release */ = {
			isa = XCBuildConfiguration;
			baseConfigurationReference = 35A5693C93A3CE6D110D0385 /* Pods-EV Roadtrip.release.xcconfig */;
			buildSettings = {
				ASSETCATALOG_COMPILER_APPICON_NAME = AppIcon;
				CODE_SIGN_STYLE = Manual;
				DEVELOPMENT_TEAM = 2B8F2B34F9;
				INFOPLIST_FILE = "EV Roadtrip/Info.plist";
				LD_RUNPATH_SEARCH_PATHS = (
					"$(inherited)",
					"@executable_path/Frameworks",
				);
				PRODUCT_BUNDLE_IDENTIFIER = "com.EV-Roadtrip";
				PRODUCT_NAME = "$(TARGET_NAME)";
				PROVISIONING_PROFILE = "6695e730-8a70-4d1a-9302-317d601d3d36";
				PROVISIONING_PROFILE_SPECIFIER = 36Five_WildCard;
				SWIFT_VERSION = 4.0;
				TARGETED_DEVICE_FAMILY = "1,2";
			};
			name = Release;
		};
/* End XCBuildConfiguration section */

/* Begin XCConfigurationList section */
		1AD8AF45211452320070D202 /* Build configuration list for PBXProject "EV Roadtrip" */ = {
			isa = XCConfigurationList;
			buildConfigurations = (
				1AD8AF5D211452340070D202 /* Debug */,
				1AD8AF5E211452340070D202 /* Release */,
			);
			defaultConfigurationIsVisible = 0;
			defaultConfigurationName = Release;
		};
		1AD8AF5F211452340070D202 /* Build configuration list for PBXNativeTarget "EV Roadtrip" */ = {
			isa = XCConfigurationList;
			buildConfigurations = (
				1AD8AF60211452340070D202 /* Debug */,
				1AD8AF61211452340070D202 /* Release */,
			);
			defaultConfigurationIsVisible = 0;
			defaultConfigurationName = Release;
		};
/* End XCConfigurationList section */

/* Begin XCVersionGroup section */
		1AD8AF54211452320070D202 /* EV_Roadtrip.xcdatamodeld */ = {
			isa = XCVersionGroup;
			children = (
				1AD8AF55211452320070D202 /* EV_Roadtrip.xcdatamodel */,
			);
			currentVersion = 1AD8AF55211452320070D202 /* EV_Roadtrip.xcdatamodel */;
			path = EV_Roadtrip.xcdatamodeld;
			sourceTree = "<group>";
			versionGroupType = wrapper.xcdatamodel;
		};
/* End XCVersionGroup section */
	};
	rootObject = 1AD8AF42211452320070D202 /* Project object */;
}
